
Microsoft Visual Studio Solution File, Format Version 12.00
# Visual Studio Version 17
VisualStudioVersion = 17.5.002.0
MinimumVisualStudioVersion = 10.0.40219.1
Project("{9A19103F-16F7-4668-BE54-9A1E7A4F7556}") = "SurfApi", "SurfApi.csproj", "{44FA1A2A-5D2B-43FD-BDCC-608629250B7F}"
EndProject
Global
	GlobalSection(SolutionConfigurationPlatforms) = preSolution
		Debug|Any CPU = Debug|Any CPU
		Release|Any CPU = Release|Any CPU
	EndGlobalSection
	GlobalSection(ProjectConfigurationPlatforms) = postSolution
		{44FA1A2A-5D2B-43FD-BDCC-608629250B7F}.Debug|Any CPU.ActiveCfg = Debug|Any CPU
		{44FA1A2A-5D2B-43FD-BDCC-608629250B7F}.Debug|Any CPU.Build.0 = Debug|Any CPU
		{44FA1A2A-5D2B-43FD-BDCC-608629250B7F}.Release|Any CPU.ActiveCfg = Release|Any CPU
		{44FA1A2A-5D2B-43FD-BDCC-608629250B7F}.Release|Any CPU.Build.0 = Release|Any CPU
	EndGlobalSection
	GlobalSection(SolutionProperties) = preSolution
		HideSolutionNode = FALSE
	EndGlobalSection
	GlobalSection(ExtensibilityGlobals) = postSolution
		SolutionGuid = {9DAD7D7A-1D76-4F49-8A28-C303F56B7E52}
	EndGlobalSection
EndGlobal
